
Microsoft Visual Studio Solution File, Format Version 12.00
# Visual Studio Version 16
VisualStudioVersion = 16.0.29230.47
MinimumVisualStudioVersion = 10.0.40219.1
Project("{FAE04EC0-301F-11D3-BF4B-00C04F79EFBC}") = "AopDotNet", "AopDotNet\AopDotNet.csproj", "{6D28774B-09EA-4D30-AECF-DC864D6EE801}"
EndProject
Project("{FAE04EC0-301F-11D3-BF4B-00C04F79EFBC}") = "AopDotNet.Test", "AopDotNet.Test\AopDotNet.Test.csproj", "{9F5681B0-884A-4C73-AF7B-A0BB77B72A66}"
EndProject
Global
	GlobalSection(SolutionConfigurationPlatforms) = preSolution
		Debug|Any CPU = Debug|Any CPU
		Release|Any CPU = Release|Any CPU
	EndGlobalSection
	GlobalSection(ProjectConfigurationPlatforms) = postSolution
		{6D28774B-09EA-4D30-AECF-DC864D6EE801}.Debug|Any CPU.ActiveCfg = Debug|Any CPU
		{6D28774B-09EA-4D30-AECF-DC864D6EE801}.Debug|Any CPU.Build.0 = Debug|Any CPU
		{6D28774B-09EA-4D30-AECF-DC864D6EE801}.Release|Any CPU.ActiveCfg = Release|Any CPU
		{6D28774B-09EA-4D30-AECF-DC864D6EE801}.Release|Any CPU.Build.0 = Release|Any CPU
		{9F5681B0-884A-4C73-AF7B-A0BB77B72A66}.Debug|Any CPU.ActiveCfg = Debug|Any CPU
		{9F5681B0-884A-4C73-AF7B-A0BB77B72A66}.Debug|Any CPU.Build.0 = Debug|Any CPU
		{9F5681B0-884A-4C73-AF7B-A0BB77B72A66}.Release|Any CPU.ActiveCfg = Release|Any CPU
		{9F5681B0-884A-4C73-AF7B-A0BB77B72A66}.Release|Any CPU.Build.0 = Release|Any CPU
	EndGlobalSection
	GlobalSection(SolutionProperties) = preSolution
		HideSolutionNode = FALSE
	EndGlobalSection
	GlobalSection(ExtensibilityGlobals) = postSolution
		SolutionGuid = {8EB95C9C-BA1D-4D8B-92ED-13AA971D7138}
	EndGlobalSection
EndGlobal
